# shellcheck shell=bash
# Reproducible eCash network, image, tool, and snapshot lock.
LOCK_FORMAT=2
LOCKED_AT=2026-08-25

NETWORK_ID=alphanet
ECASH_NODE_CHAIN=main
ECASH_NETWORK_MAGIC=eca5a104
ECASH_NODE_P2P_PORT=8533
ECASH_NODE_RPC_PORT=8532
ECASH_NODE_ZMQ_PORT=29000
ECASH_PUBLIC_PEERS=seed.alpha.ecash.ninja:8533,seed.alpha.bip300.xyz:8533,seed.alpha.ecash.drivecha.in:8533,seed.alpha.ecash.zuexeuz.net:8533
ECASH_TIP_HEIGHT_URL=https://esplora.alpha.ecash.ninja/blocks/tip/height
ECASH_EXPECTED_DATA_BYTES=1200000000000
ECASH_MIN_FREE_PERCENT=20

ECASH_NODE_REPO=https://github.com/ecash-com/bitcoin.git
ECASH_NODE_BRANCH=alphanet
ECASH_NODE_COMMIT=e9267a1f88f1856789348a61f04718529e1bd063
ECASH_NODE_IMAGE=ghcr.io/ecash-com/bitcoin:alphanet@sha256:ee602372f061e479aaba274d87b2810db077b5ad36844a880e16d087d279dcef
ECASH_NODE_EXPECTED_VERSION=31

ENFORCER_REPO=https://github.com/LayerTwo-Labs/bip300301_enforcer.git
ENFORCER_BRANCH=master
ENFORCER_COMMIT=86543d13b32865ae629dbc8a373824e2c5aabb51
ENFORCER_IMAGE=ghcr.io/layertwo-labs/bip300301_enforcer:sha-86543d1@sha256:c5b9925dc8d8751b7eecf72f7a1eda0964e27dad9342609c76490b1ebc33601c
ENFORCER_NETWORK_PRESET=alphanet
ENFORCER_API_NETWORK=NETWORK_MAINNET

NATS_IMAGE=docker.io/library/nats:2.14.3-alpine@sha256:c11af972c99ae542de8925e6a7d9c533aa1eb039660420d2074beed6089b3bf0

MONITOR_IMAGE_COMMIT=7295bce0e4e8530225f25549d652d7827e824931
ENFORCER_EXTRACTOR_IMAGE=docker.io/guischet/bip300-enforcer-extractor:sha-7295bce0e4e8@sha256:bb7ce9ca41169ef493910e496d6dfeaef90732b8321dd116b4fac18d27c2ed1e
EVENT_LOGGER_IMAGE=docker.io/guischet/bip300-event-logger:sha-7295bce0e4e8@sha256:6527c316d1150fc7eb3caa40e9ec55311b8c0e9e66d43cb377d7dc35af38a895

JUST_VERSION=1.57.0
JUST_TARGET=x86_64-unknown-linux-musl
JUST_SHA256=45b548094283cb9739af8f13273b8cddeee869f5b4ef2bb631b1f311cb566155

ECASH_ACTIVATION_HEIGHT=963648
ECASH_ACTIVATION_BLOCK_HASH=0000000000b360c17636b7a6c366e3effbe91a847eb5d61b7a7b29476439e924
ECASH_SNAPSHOT_URL=https://data.drivechain.dev/alphanet/utxo-963648.dat
ECASH_SNAPSHOT_CHECKSUMS_URL=https://data.drivechain.dev/alphanet/SHA256SUMS
ECASH_SNAPSHOT_FILE=utxo-963648.dat
ECASH_SNAPSHOT_SIZE=9468026932
ECASH_SNAPSHOT_SHA256=ca4ea635bfd26fbfeb2fa38cc38298ce916b61a9411e4926fe248292d0b1fd31
