# shellcheck shell=bash
# Reproducible Drynet3 source, image, tool, and snapshot lock.
LOCK_FORMAT=1
LOCKED_AT=2026-07-29
NETWORK=drynet3

FAST_FACTS_REPO=https://github.com/ecash-com/fast-facts.git
FAST_FACTS_COMMIT=0d31c987fb23cb18b62aaf96817b3dd9025b8e2f

ECASH_NODE_REPO=https://github.com/ecash-com/bitcoin.git
ECASH_NODE_BRANCH=drynet3
ECASH_NODE_COMMIT=3c280685c743cf1a003fdd62802d01edd5790738
ECASH_NODE_IMAGE=ghcr.io/ecash-com/bitcoin:drynet3@sha256:ad2d491aa2bacf77eee2e505f7eb3c19b9fe4f670035ba6984296dfe61de2342

JUST_VERSION=1.57.0
JUST_TARGET=x86_64-unknown-linux-musl
JUST_SHA256=45b548094283cb9739af8f13273b8cddeee869f5b4ef2bb631b1f311cb566155

DRYNET_ACTIVATION_HEIGHT=957600
DRYNET_ACTIVATION_BLOCK_HASH=000000004ecdabd8c45d5623aa40008f24f1a5d45851265fc6b905250d2ee840
DRYNET_PUBLIC_PEER=drynet3.drivechain.dev:8337
DRYNET_SNAPSHOT_URL=https://data.drivechain.dev/drynet3/utxo-957600.dat
DRYNET_SNAPSHOT_FILE=utxo-957600.dat
DRYNET_SNAPSHOT_SIZE=9498111432
DRYNET_SNAPSHOT_SHA256=473ae741a3a7c4c5c28c85a54aa166e0ea46d13d83ae0bf2142d332373ed155b
